
Microsoft Visual Studio Solution File, Format Version 12.00
# Visual Studio 15
VisualStudioVersion = 15.0.26430.16
MinimumVisualStudioVersion = 10.0.40219.1
Project("{FAE04EC0-301F-11D3-BF4B-00C04F79EFBC}") = "Dopamine.ExternalControl.Support", "Dopamine.ExternalControl.Support.csproj", "{615F9D73-E67C-4D23-8063-4BD4B165C980}"
EndProject
Project("{FAE04EC0-301F-11D3-BF4B-00C04F79EFBC}") = "Dopamine.ExternalControl.Support.Sample", "..\Dopamine.ExternalControl.Support.Sample\Dopamine.ExternalControl.Support.Sample.csproj", "{620B83AF-BF1B-48C9-BB31-75CE676C9D2C}"
EndProject
Global
	GlobalSection(SolutionConfigurationPlatforms) = preSolution
		Debug|Any CPU = Debug|Any CPU
		Release|Any CPU = Release|Any CPU
	EndGlobalSection
	GlobalSection(ProjectConfigurationPlatforms) = postSolution
		{615F9D73-E67C-4D23-8063-4BD4B165C980}.Debug|Any CPU.ActiveCfg = Debug|Any CPU
		{615F9D73-E67C-4D23-8063-4BD4B165C980}.Debug|Any CPU.Build.0 = Debug|Any CPU
		{615F9D73-E67C-4D23-8063-4BD4B165C980}.Release|Any CPU.ActiveCfg = Release|Any CPU
		{615F9D73-E67C-4D23-8063-4BD4B165C980}.Release|Any CPU.Build.0 = Release|Any CPU
		{620B83AF-BF1B-48C9-BB31-75CE676C9D2C}.Debug|Any CPU.ActiveCfg = Debug|Any CPU
		{620B83AF-BF1B-48C9-BB31-75CE676C9D2C}.Debug|Any CPU.Build.0 = Debug|Any CPU
		{620B83AF-BF1B-48C9-BB31-75CE676C9D2C}.Release|Any CPU.ActiveCfg = Release|Any CPU
		{620B83AF-BF1B-48C9-BB31-75CE676C9D2C}.Release|Any CPU.Build.0 = Release|Any CPU
	EndGlobalSection
	GlobalSection(SolutionProperties) = preSolution
		HideSolutionNode = FALSE
	EndGlobalSection
EndGlobal
